
Microsoft Visual Studio Solution File, Format Version 12.00
# Visual Studio Version 17
VisualStudioVersion = 17.5.33424.131
MinimumVisualStudioVersion = 10.0.40219.1
Project("{FAE04EC0-301F-11D3-BF4B-00C04F79EFBC}") = "Deliverable2", "Deliverable2\Deliverable2.csproj", "{C61536B9-A31A-43E1-9396-A560B9191DCF}"
EndProject
Global
	GlobalSection(SolutionConfigurationPlatforms) = preSolution
		Debug|Any CPU = Debug|Any CPU
		Release|Any CPU = Release|Any CPU
	EndGlobalSection
	GlobalSection(ProjectConfigurationPlatforms) = postSolution
		{C61536B9-A31A-43E1-9396-A560B9191DCF}.Debug|Any CPU.ActiveCfg = Debug|Any CPU
		{C61536B9-A31A-43E1-9396-A560B9191DCF}.Debug|Any CPU.Build.0 = Debug|Any CPU
		{C61536B9-A31A-43E1-9396-A560B9191DCF}.Release|Any CPU.ActiveCfg = Release|Any CPU
		{C61536B9-A31A-43E1-9396-A560B9191DCF}.Release|Any CPU.Build.0 = Release|Any CPU
	EndGlobalSection
	GlobalSection(SolutionProperties) = preSolution
		HideSolutionNode = FALSE
	EndGlobalSection
	GlobalSection(ExtensibilityGlobals) = postSolution
		SolutionGuid = {E1632D40-15B5-43DF-86D1-66557BAC73E0}
	EndGlobalSection
EndGlobal
